
Microsoft Visual Studio Solution File, Format Version 9.00
# Visual C++ Express 2005
Project("{8BC9CEB8-8B4A-11D0-8D11-00A0C91BC942}") = "SimpleCommandLineParserTest", "SimpleCommandLineParserTest\SimpleCommandLineParserTest.vcproj", "{225BF77A-83AB-45B7-A4A7-E2813BE5A9F5}"
EndProject
Global
	GlobalSection(SolutionConfigurationPlatforms) = preSolution
		Debug|Win32 = Debug|Win32
	EndGlobalSection
	GlobalSection(ProjectConfigurationPlatforms) = postSolution
		{225BF77A-83AB-45B7-A4A7-E2813BE5A9F5}.Debug|Win32.ActiveCfg = Debug|Win32
		{225BF77A-83AB-45B7-A4A7-E2813BE5A9F5}.Debug|Win32.Build.0 = Debug|Win32
	EndGlobalSection
	GlobalSection(SolutionProperties) = preSolution
		HideSolutionNode = FALSE
	EndGlobalSection
EndGlobal
